
Microsoft Visual Studio Solution File, Format Version 12.00
# Visual Studio 14
VisualStudioVersion = 14.0.25420.1
MinimumVisualStudioVersion = 10.0.40219.1
Project("{2150E333-8FDC-42A3-9474-1A3956D46DE8}") = "BizProcess", "BizProcess", "{4431B0B2-E8D9-4576-9432-8C3DA844E680}"
EndProject
Project("{2150E333-8FDC-42A3-9474-1A3956D46DE8}") = "DateAccess", "DateAccess", "{4AF15F17-E488-48D6-9A64-0282F32FC43B}"
EndProject
Project("{2150E333-8FDC-42A3-9474-1A3956D46DE8}") = "Utilities", "Utilities", "{81F0CEC1-434E-44A2-ADBE-992FDDF1956A}"
EndProject
Project("{2150E333-8FDC-42A3-9474-1A3956D46DE8}") = "Web", "Web", "{1445972B-6143-427D-9410-13C74C645A5A}"
EndProject
Project("{FAE04EC0-301F-11D3-BF4B-00C04F79EFBC}") = "Lawyers.BizEntities", "Lawyers.BizEntities\Lawyers.BizEntities.csproj", "{56A6A022-ABEB-4EFA-8104-6F885ABA8040}"
EndProject
Project("{FAE04EC0-301F-11D3-BF4B-00C04F79EFBC}") = "Lawyers.BizProcess", "Lawyers.BizProcess\Lawyers.BizProcess.csproj", "{4C51526A-A57C-474A-BF58-A86655B8F8CD}"
EndProject
Project("{FAE04EC0-301F-11D3-BF4B-00C04F79EFBC}") = "Lawyers.DataAccess", "Lawyers.DataAccess\Lawyers.DataAccess.csproj", "{33658130-7F17-4787-913A-162610C8F959}"
EndProject
Project("{FAE04EC0-301F-11D3-BF4B-00C04F79EFBC}") = "Lawyers.Web", "Lawyers.Web\Lawyers.Web.csproj", "{1AC050E1-FE88-42F7-8678-7E39351FAC8A}"
EndProject
Project("{FAE04EC0-301F-11D3-BF4B-00C04F79EFBC}") = "Lawyers.Utilities", "Lawyers.Utilities\Lawyers.Utilities.csproj", "{1FB1E995-E2E8-49F4-98AA-1C0D2E25583A}"
EndProject
Global
	GlobalSection(SolutionConfigurationPlatforms) = preSolution
		Debug|Any CPU = Debug|Any CPU
		Release|Any CPU = Release|Any CPU
	EndGlobalSection
	GlobalSection(ProjectConfigurationPlatforms) = postSolution
		{56A6A022-ABEB-4EFA-8104-6F885ABA8040}.Debug|Any CPU.ActiveCfg = Debug|Any CPU
		{56A6A022-ABEB-4EFA-8104-6F885ABA8040}.Debug|Any CPU.Build.0 = Debug|Any CPU
		{56A6A022-ABEB-4EFA-8104-6F885ABA8040}.Release|Any CPU.ActiveCfg = Release|Any CPU
		{56A6A022-ABEB-4EFA-8104-6F885ABA8040}.Release|Any CPU.Build.0 = Release|Any CPU
		{4C51526A-A57C-474A-BF58-A86655B8F8CD}.Debug|Any CPU.ActiveCfg = Debug|Any CPU
		{4C51526A-A57C-474A-BF58-A86655B8F8CD}.Debug|Any CPU.Build.0 = Debug|Any CPU
		{4C51526A-A57C-474A-BF58-A86655B8F8CD}.Release|Any CPU.ActiveCfg = Release|Any CPU
		{4C51526A-A57C-474A-BF58-A86655B8F8CD}.Release|Any CPU.Build.0 = Release|Any CPU
		{33658130-7F17-4787-913A-162610C8F959}.Debug|Any CPU.ActiveCfg = Debug|Any CPU
		{33658130-7F17-4787-913A-162610C8F959}.Debug|Any CPU.Build.0 = Debug|Any CPU
		{33658130-7F17-4787-913A-162610C8F959}.Release|Any CPU.ActiveCfg = Release|Any CPU
		{33658130-7F17-4787-913A-162610C8F959}.Release|Any CPU.Build.0 = Release|Any CPU
		{1AC050E1-FE88-42F7-8678-7E39351FAC8A}.Debug|Any CPU.ActiveCfg = Debug|Any CPU
		{1AC050E1-FE88-42F7-8678-7E39351FAC8A}.Debug|Any CPU.Build.0 = Debug|Any CPU
		{1AC050E1-FE88-42F7-8678-7E39351FAC8A}.Release|Any CPU.ActiveCfg = Release|Any CPU
		{1AC050E1-FE88-42F7-8678-7E39351FAC8A}.Release|Any CPU.Build.0 = Release|Any CPU
		{1FB1E995-E2E8-49F4-98AA-1C0D2E25583A}.Debug|Any CPU.ActiveCfg = Debug|Any CPU
		{1FB1E995-E2E8-49F4-98AA-1C0D2E25583A}.Debug|Any CPU.Build.0 = Debug|Any CPU
		{1FB1E995-E2E8-49F4-98AA-1C0D2E25583A}.Release|Any CPU.ActiveCfg = Release|Any CPU
		{1FB1E995-E2E8-49F4-98AA-1C0D2E25583A}.Release|Any CPU.Build.0 = Release|Any CPU
	EndGlobalSection
	GlobalSection(SolutionProperties) = preSolution
		HideSolutionNode = FALSE
	EndGlobalSection
	GlobalSection(NestedProjects) = preSolution
		{56A6A022-ABEB-4EFA-8104-6F885ABA8040} = {4431B0B2-E8D9-4576-9432-8C3DA844E680}
		{4C51526A-A57C-474A-BF58-A86655B8F8CD} = {4431B0B2-E8D9-4576-9432-8C3DA844E680}
		{33658130-7F17-4787-913A-162610C8F959} = {4AF15F17-E488-48D6-9A64-0282F32FC43B}
		{1AC050E1-FE88-42F7-8678-7E39351FAC8A} = {1445972B-6143-427D-9410-13C74C645A5A}
		{1FB1E995-E2E8-49F4-98AA-1C0D2E25583A} = {81F0CEC1-434E-44A2-ADBE-992FDDF1956A}
	EndGlobalSection
EndGlobal
